{
  "name": "nodetest",
  "lockfileVersion": 2,
  "requires": true,
  "packages": {
    "": {
      "dependencies": {
        "cowsay": "^1.1.1"
      }
    },
    "node_modules/cowsay": {
      "version": "1.1.1",
      "resolved": "https://registry.npmjs.org/cowsay/-/cowsay-1.1.1.tgz",
      "integrity": "sha1-LPh9c6GCgMttStWOmnYDACoqJI4=",
      "dependencies": {
        "get-stdin": "^4.0.1",
        "optimist": "~0.3.5"
      },
      "bin": {
        "cowsay": "cli.js",
        "cowthink": "cli.js"
      }
    },
    "node_modules/get-stdin": {
      "version": "4.0.1",
      "resolved": "https://registry.npmjs.org/get-stdin/-/get-stdin-4.0.1.tgz",
      "integrity": "sha1-uWjGsKBDhDJJAui/Gl3zJXmkUP4=",
      "engines": {
        "node": ">=0.10.0"
      }
    },
    "node_modules/optimist": {
      "version": "0.3.7",
      "resolved": "https://registry.npmjs.org/optimist/-/optimist-0.3.7.tgz",
      "integrity": "sha1-yQlBrVnkJzMokjB00s8ufLxuwNk=",
      "dependencies": {
        "wordwrap": "~0.0.2"
      }
    },
    "node_modules/wordwrap": {
      "version": "0.0.3",
      "resolved": "https://registry.npmjs.org/wordwrap/-/wordwrap-0.0.3.tgz",
      "integrity": "sha1-o9XabNXAvAAI03I0u68b7WMFkQc=",
      "engines": {
        "node": ">=0.4.0"
      }
    }
  },
  "dependencies": {
    "cowsay": {
      "version": "1.1.1",
      "resolved": "https://registry.npmjs.org/cowsay/-/cowsay-1.1.1.tgz",
      "integrity": "sha1-LPh9c6GCgMttStWOmnYDACoqJI4=",
      "requires": {
        "get-stdin": "^4.0.1",
        "optimist": "~0.3.5"
      }
    },
    "get-stdin": {
      "version": "4.0.1",
      "resolved": "https://registry.npmjs.org/get-stdin/-/get-stdin-4.0.1.tgz",
      "integrity": "sha1-uWjGsKBDhDJJAui/Gl3zJXmkUP4="
    },
    "optimist": {
      "version": "0.3.7",
      "resolved": "https://registry.npmjs.org/optimist/-/optimist-0.3.7.tgz",
      "integrity": "sha1-yQlBrVnkJzMokjB00s8ufLxuwNk=",
      "requires": {
        "wordwrap": "~0.0.2"
      }
    },
    "wordwrap": {
      "version": "0.0.3",
      "resolved": "https://registry.npmjs.org/wordwrap/-/wordwrap-0.0.3.tgz",
      "integrity": "sha1-o9XabNXAvAAI03I0u68b7WMFkQc="
    }
  }
}
